
Microsoft Visual Studio Solution File, Format Version 12.00
# Visual Studio Version 16
VisualStudioVersion = 16.0.31624.102
MinimumVisualStudioVersion = 10.0.40219.1
Project("{FAE04EC0-301F-11D3-BF4B-00C04F79EFBC}") = "HelloWorld", "HelloWorld\HelloWorld.csproj", "{5C6D8C10-73F5-46A7-B5F0-3BA21311A8CA}"
EndProject
Global
	GlobalSection(SolutionConfigurationPlatforms) = preSolution
		Debug|Any CPU = Debug|Any CPU
		Release|Any CPU = Release|Any CPU
	EndGlobalSection
	GlobalSection(ProjectConfigurationPlatforms) = postSolution
		{5C6D8C10-73F5-46A7-B5F0-3BA21311A8CA}.Debug|Any CPU.ActiveCfg = Debug|Any CPU
		{5C6D8C10-73F5-46A7-B5F0-3BA21311A8CA}.Debug|Any CPU.Build.0 = Debug|Any CPU
		{5C6D8C10-73F5-46A7-B5F0-3BA21311A8CA}.Release|Any CPU.ActiveCfg = Release|Any CPU
		{5C6D8C10-73F5-46A7-B5F0-3BA21311A8CA}.Release|Any CPU.Build.0 = Release|Any CPU
	EndGlobalSection
	GlobalSection(SolutionProperties) = preSolution
		HideSolutionNode = FALSE
	EndGlobalSection
	GlobalSection(ExtensibilityGlobals) = postSolution
		SolutionGuid = {737AC3FD-3534-416D-89ED-84A8B1746964}
	EndGlobalSection
EndGlobal
